
Microsoft Visual Studio Solution File, Format Version 12.00
# Visual Studio Version 17
VisualStudioVersion = 17.11.35208.52
MinimumVisualStudioVersion = 10.0.40219.1
Project("{FAE04EC0-301F-11D3-BF4B-00C04F79EFBC}") = "CapaPresentacionAdmin", "CapaPresentacionAdmin\CapaPresentacionAdmin.csproj", "{189A7AC7-C3D1-4C35-8569-FB83D0FEAF62}"
EndProject
Project("{FAE04EC0-301F-11D3-BF4B-00C04F79EFBC}") = "CapaPresentacionTienda", "CapaPresentacionTienda\CapaPresentacionTienda.csproj", "{79CA40E2-A2E8-4780-AABE-F6DBFE66ED5E}"
EndProject
Project("{FAE04EC0-301F-11D3-BF4B-00C04F79EFBC}") = "CapaDatos", "CapaDatos\CapaDatos.csproj", "{3D4A14E1-44FA-41AC-9AB3-68F9169A968C}"
EndProject
Project("{FAE04EC0-301F-11D3-BF4B-00C04F79EFBC}") = "CapaEntidad", "CapaEntidad\CapaEntidad.csproj", "{A10C206D-3320-4422-BB68-CFB949C3B077}"
EndProject
Project("{FAE04EC0-301F-11D3-BF4B-00C04F79EFBC}") = "CapaNegocio", "CapaNegocio\CapaNegocio.csproj", "{E4C34D9F-43D2-43EE-8DCC-6CE35F07F9F5}"
EndProject
Global
	GlobalSection(SolutionConfigurationPlatforms) = preSolution
		Debug|Any CPU = Debug|Any CPU
		Release|Any CPU = Release|Any CPU
	EndGlobalSection
	GlobalSection(ProjectConfigurationPlatforms) = postSolution
		{189A7AC7-C3D1-4C35-8569-FB83D0FEAF62}.Debug|Any CPU.ActiveCfg = Debug|Any CPU
		{189A7AC7-C3D1-4C35-8569-FB83D0FEAF62}.Debug|Any CPU.Build.0 = Debug|Any CPU
		{189A7AC7-C3D1-4C35-8569-FB83D0FEAF62}.Release|Any CPU.ActiveCfg = Release|Any CPU
		{189A7AC7-C3D1-4C35-8569-FB83D0FEAF62}.Release|Any CPU.Build.0 = Release|Any CPU
		{79CA40E2-A2E8-4780-AABE-F6DBFE66ED5E}.Debug|Any CPU.ActiveCfg = Debug|Any CPU
		{79CA40E2-A2E8-4780-AABE-F6DBFE66ED5E}.Debug|Any CPU.Build.0 = Debug|Any CPU
		{79CA40E2-A2E8-4780-AABE-F6DBFE66ED5E}.Release|Any CPU.ActiveCfg = Release|Any CPU
		{79CA40E2-A2E8-4780-AABE-F6DBFE66ED5E}.Release|Any CPU.Build.0 = Release|Any CPU
		{3D4A14E1-44FA-41AC-9AB3-68F9169A968C}.Debug|Any CPU.ActiveCfg = Debug|Any CPU
		{3D4A14E1-44FA-41AC-9AB3-68F9169A968C}.Debug|Any CPU.Build.0 = Debug|Any CPU
		{3D4A14E1-44FA-41AC-9AB3-68F9169A968C}.Release|Any CPU.ActiveCfg = Release|Any CPU
		{3D4A14E1-44FA-41AC-9AB3-68F9169A968C}.Release|Any CPU.Build.0 = Release|Any CPU
		{A10C206D-3320-4422-BB68-CFB949C3B077}.Debug|Any CPU.ActiveCfg = Debug|Any CPU
		{A10C206D-3320-4422-BB68-CFB949C3B077}.Debug|Any CPU.Build.0 = Debug|Any CPU
		{A10C206D-3320-4422-BB68-CFB949C3B077}.Release|Any CPU.ActiveCfg = Release|Any CPU
		{A10C206D-3320-4422-BB68-CFB949C3B077}.Release|Any CPU.Build.0 = Release|Any CPU
		{E4C34D9F-43D2-43EE-8DCC-6CE35F07F9F5}.Debug|Any CPU.ActiveCfg = Debug|Any CPU
		{E4C34D9F-43D2-43EE-8DCC-6CE35F07F9F5}.Debug|Any CPU.Build.0 = Debug|Any CPU
		{E4C34D9F-43D2-43EE-8DCC-6CE35F07F9F5}.Release|Any CPU.ActiveCfg = Release|Any CPU
		{E4C34D9F-43D2-43EE-8DCC-6CE35F07F9F5}.Release|Any CPU.Build.0 = Release|Any CPU
	EndGlobalSection
	GlobalSection(SolutionProperties) = preSolution
		HideSolutionNode = FALSE
	EndGlobalSection
	GlobalSection(ExtensibilityGlobals) = postSolution
		SolutionGuid = {E8D27457-A958-476A-9555-B8953C04C6B0}
	EndGlobalSection
EndGlobal
